
Microsoft Visual Studio Solution File, Format Version 12.00
# Visual Studio Version 16
VisualStudioVersion = 16.0.31729.503
MinimumVisualStudioVersion = 10.0.40219.1
Project("{FAE04EC0-301F-11D3-BF4B-00C04F79EFBC}") = "CodingChallenge", "CodingChallenge\CodingChallenge.csproj", "{E2EB67E7-DC30-41C0-904B-379A92CDB966}"
EndProject
Global
	GlobalSection(SolutionConfigurationPlatforms) = preSolution
		Debug|Any CPU = Debug|Any CPU
		Release|Any CPU = Release|Any CPU
	EndGlobalSection
	GlobalSection(ProjectConfigurationPlatforms) = postSolution
		{E2EB67E7-DC30-41C0-904B-379A92CDB966}.Debug|Any CPU.ActiveCfg = Debug|Any CPU
		{E2EB67E7-DC30-41C0-904B-379A92CDB966}.Debug|Any CPU.Build.0 = Debug|Any CPU
		{E2EB67E7-DC30-41C0-904B-379A92CDB966}.Release|Any CPU.ActiveCfg = Release|Any CPU
		{E2EB67E7-DC30-41C0-904B-379A92CDB966}.Release|Any CPU.Build.0 = Release|Any CPU
	EndGlobalSection
	GlobalSection(SolutionProperties) = preSolution
		HideSolutionNode = FALSE
	EndGlobalSection
	GlobalSection(ExtensibilityGlobals) = postSolution
		SolutionGuid = {00209ACF-CC50-4695-9D14-DCE0BEBE6CC0}
	EndGlobalSection
EndGlobal
